
Microsoft Visual Studio Solution File, Format Version 12.00
# Visual Studio Version 17
VisualStudioVersion = 17.4.33213.308
MinimumVisualStudioVersion = 10.0.40219.1
Project("{9A19103F-16F7-4668-BE54-9A1E7A4F7556}") = "TundraAnimals", "TundraAnimals\TundraAnimals.csproj", "{56F7B18A-820C-48A8-9C25-87505EA2ABFE}"
EndProject
Project("{FAE04EC0-301F-11D3-BF4B-00C04F79EFBC}") = "TestTundraAnimals", "TestTundraAnimals\TestTundraAnimals.csproj", "{6B575930-6D90-4769-B682-B296D70D3D51}"
EndProject
Global
	GlobalSection(SolutionConfigurationPlatforms) = preSolution
		Debug|Any CPU = Debug|Any CPU
		Release|Any CPU = Release|Any CPU
	EndGlobalSection
	GlobalSection(ProjectConfigurationPlatforms) = postSolution
		{56F7B18A-820C-48A8-9C25-87505EA2ABFE}.Debug|Any CPU.ActiveCfg = Debug|Any CPU
		{56F7B18A-820C-48A8-9C25-87505EA2ABFE}.Debug|Any CPU.Build.0 = Debug|Any CPU
		{56F7B18A-820C-48A8-9C25-87505EA2ABFE}.Release|Any CPU.ActiveCfg = Release|Any CPU
		{56F7B18A-820C-48A8-9C25-87505EA2ABFE}.Release|Any CPU.Build.0 = Release|Any CPU
		{6B575930-6D90-4769-B682-B296D70D3D51}.Debug|Any CPU.ActiveCfg = Debug|Any CPU
		{6B575930-6D90-4769-B682-B296D70D3D51}.Debug|Any CPU.Build.0 = Debug|Any CPU
		{6B575930-6D90-4769-B682-B296D70D3D51}.Release|Any CPU.ActiveCfg = Release|Any CPU
		{6B575930-6D90-4769-B682-B296D70D3D51}.Release|Any CPU.Build.0 = Release|Any CPU
	EndGlobalSection
	GlobalSection(SolutionProperties) = preSolution
		HideSolutionNode = FALSE
	EndGlobalSection
	GlobalSection(ExtensibilityGlobals) = postSolution
		SolutionGuid = {ADCBEED1-8B37-47EC-B7F9-2718EF36EC40}
	EndGlobalSection
EndGlobal
